<?xml version="1.0" encoding="utf-8"?>
<Project ToolsVersion="4.0" xmlns="http://schemas.microsoft.com/developer/msbuild/2003">
  <ItemGroup>
    <Filter Include="src">
      <UniqueIdentifier>{ec7d8b20-353d-4f25-b99a-1371ef0c9ed7}</UniqueIdentifier>
    </Filter>
    <Filter Include="src\app">
      <UniqueIdentifier>{f1a45c53-ba30-4e33-ab5f-139475c2db05}</UniqueIdentifier>
    </Filter>
  </ItemGroup>
  <ItemGroup>
    <ClCompile Include="src\main.cpp">
      <Filter>src</Filter>
    </ClCompile>
    <ClCompile Include="src\app\window.cpp">
      <Filter>src\app</Filter>
    </ClCompile>
    <ClCompile Include="src\glad\glad.c" />
    <ClCompile Include="src\shaders\shader.cpp" />
  </ItemGroup>
  <ItemGroup>
    <ClInclude Include="src\app\window.h">
      <Filter>src\app</Filter>
    </ClInclude>
    <ClInclude Include="src\shaders\shader.h" />
  </ItemGroup>
  <ItemGroup>
    <None Include="src\res\shaders\basicShader.vs" />
    <None Include="src\res\shaders\basicShader.fs" />
  </ItemGroup>
</Project>