// !$*UTF8*$!
{
	archiveVersion = 1;
	classes = {
	};
	objectVersion = 46;
	objects = {

/* Begin PBXAggregateTarget section */
		76726622494643A5AF5C1B6F /* install */ = {
			isa = PBXAggregateTarget;
			buildConfigurationList = DF184FFAD44C4B569C25BE37 /* Build configuration list for PBXAggregateTarget "install" */;
			buildPhases = (
				1799E24361AC414BAE4C49FF /* CMake PostBuild Rules */,
			);
			dependencies = (
				1AA61BE22A07414B8E4C4FB4 /* PBXTargetDependency */,
			);
			name = install;
			productName = install;
		};
		B64B5A26ADA4401CB531D1D3 /* ZERO_CHECK */ = {
			isa = PBXAggregateTarget;
			buildConfigurationList = 8621F06B01C44C2EBA1B020E /* Build configuration list for PBXAggregateTarget "ZERO_CHECK" */;
			buildPhases = (
				F7953A53301149279B99D78F /* CMake Rules */,
			);
			dependencies = (
			);
			name = ZERO_CHECK;
			productName = ZERO_CHECK;
		};
		EAFD17FFAEA240C098E5CEA1 /* ALL_BUILD */ = {
			isa = PBXAggregateTarget;
			buildConfigurationList = 81A3DDEC05284DF287BF0797 /* Build configuration list for PBXAggregateTarget "ALL_BUILD" */;
			buildPhases = (
				E7AB31B05CFE47A79F8521ED /* CMake Rules */,
			);
			dependencies = (
				6D60B49EBE014F42A54AF57E /* PBXTargetDependency */,
				9E8BE183FF38469591280D30 /* PBXTargetDependency */,
			);
			name = ALL_BUILD;
			productName = ALL_BUILD;
		};
/* End PBXAggregateTarget section */

/* Begin PBXBuildFile section */
		03B6FC52DF654EE3B69D0103 /* /Users/aroberd/Documents/Neon-Engine/Dependencies/glfw/src/context.c */ = {isa = PBXBuildFile; fileRef = F5B62795AC654AFB90F21892 /* /Users/aroberd/Documents/Neon-Engine/Dependencies/glfw/src/context.c */; settings = {COMPILER_FLAGS = "-Wdeclaration-after-statement"; }; };
		08DCD6866D26486AB0D7F181 /* /Users/aroberd/Documents/Neon-Engine/Dependencies/glfw/src/nsgl_context.m */ = {isa = PBXBuildFile; fileRef = 1D4D61E748914C729074A721 /* /Users/aroberd/Documents/Neon-Engine/Dependencies/glfw/src/nsgl_context.m */; };
		1886BE4315954095992F531F /* /Users/aroberd/Documents/Neon-Engine/Dependencies/glfw/src/cocoa_init.m */ = {isa = PBXBuildFile; fileRef = 0AC9F9ADB3A748E48599E3DB /* /Users/aroberd/Documents/Neon-Engine/Dependencies/glfw/src/cocoa_init.m */; };
		18A93D36CAE5453CA3A0538C /* /Users/aroberd/Documents/Neon-Engine/Dependencies/glfw/src/cocoa_time.c */ = {isa = PBXBuildFile; fileRef = 8B9D3FDA60EC482FB28F8E23 /* /Users/aroberd/Documents/Neon-Engine/Dependencies/glfw/src/cocoa_time.c */; };
		2E9F3FCE61374C3AA367C454 /* /Users/aroberd/Documents/Neon-Engine/Dependencies/glfw/src/window.c */ = {isa = PBXBuildFile; fileRef = 424363E494364A4789CBDD2A /* /Users/aroberd/Documents/Neon-Engine/Dependencies/glfw/src/window.c */; settings = {COMPILER_FLAGS = "-Wdeclaration-after-statement"; }; };
		3431754E08E04164BB37E886 /* /Users/aroberd/Documents/Neon-Engine/Dependencies/glfw/src/cocoa_window.m */ = {isa = PBXBuildFile; fileRef = 6A8164B54DF6411398C68D8F /* /Users/aroberd/Documents/Neon-Engine/Dependencies/glfw/src/cocoa_window.m */; };
		34D8686A72C841E2AD35E954 /* /Users/aroberd/Documents/Neon-Engine/Dependencies/glfw/src/cocoa_monitor.m */ = {isa = PBXBuildFile; fileRef = 3AF228F8077446B7A4370245 /* /Users/aroberd/Documents/Neon-Engine/Dependencies/glfw/src/cocoa_monitor.m */; };
		38D0926962404EB7AD6B6AA0 /* /Users/aroberd/Documents/Neon-Engine/Dependencies/glfw/src/vulkan.c */ = {isa = PBXBuildFile; fileRef = 252EB231BC7945D4A702A23E /* /Users/aroberd/Documents/Neon-Engine/Dependencies/glfw/src/vulkan.c */; settings = {COMPILER_FLAGS = "-Wdeclaration-after-statement"; }; };
		5BDF52E4C21D4F60A349F39E /* /Users/aroberd/Documents/Neon-Engine/Dependencies/glfw/src/init.c */ = {isa = PBXBuildFile; fileRef = C128DC002C554FD79A6D9444 /* /Users/aroberd/Documents/Neon-Engine/Dependencies/glfw/src/init.c */; settings = {COMPILER_FLAGS = "-Wdeclaration-after-statement"; }; };
		71EA30A818E04677A5BD672E /* /Users/aroberd/Documents/Neon-Engine/Dependencies/glfw/src/cocoa_joystick.h */ = {isa = PBXBuildFile; fileRef = CBEFC2A0B460450BB08EA9DA /* /Users/aroberd/Documents/Neon-Engine/Dependencies/glfw/src/cocoa_joystick.h */; };
		78B4C7D474034997BE78C5BB /* /Users/aroberd/Documents/Neon-Engine/Dependencies/glfw/src/posix_thread.c */ = {isa = PBXBuildFile; fileRef = 2E3BF3CA3EBF44879D536F27 /* /Users/aroberd/Documents/Neon-Engine/Dependencies/glfw/src/posix_thread.c */; };
		89A575E1FD9F4630A0B78D1F /* /Users/aroberd/Documents/Neon-Engine/Dependencies/glfw/src/cocoa_joystick.m */ = {isa = PBXBuildFile; fileRef = 07490BC475B94B70A62B438C /* /Users/aroberd/Documents/Neon-Engine/Dependencies/glfw/src/cocoa_joystick.m */; };
		8E7A7B5B6F61457F8378E4AC /* /Users/aroberd/Documents/Neon-Engine/Dependencies/glfw/include/GLFW/glfw3.h */ = {isa = PBXBuildFile; fileRef = C702F374F2054942A8C51285 /* /Users/aroberd/Documents/Neon-Engine/Dependencies/glfw/include/GLFW/glfw3.h */; };
		99972DB506674D41B9294A18 /* /Users/aroberd/Documents/Neon-Engine/Dependencies/glfw/include/GLFW/glfw3native.h */ = {isa = PBXBuildFile; fileRef = ABC2EC682FEB4A1AAD473306 /* /Users/aroberd/Documents/Neon-Engine/Dependencies/glfw/include/GLFW/glfw3native.h */; };
		A5D31B0E6A9543BDB3B8DEB8 /* /Users/aroberd/Documents/Neon-Engine/Dependencies/glfw/src/monitor.c */ = {isa = PBXBuildFile; fileRef = C23FDD210D1E4E90BB1359BA /* /Users/aroberd/Documents/Neon-Engine/Dependencies/glfw/src/monitor.c */; settings = {COMPILER_FLAGS = "-Wdeclaration-after-statement"; }; };
		AFF69774A4774D8D89D4F8E3 /* /Users/aroberd/Documents/Neon-Engine/Dependencies/glfw/src/cocoa_platform.h */ = {isa = PBXBuildFile; fileRef = F0BD4CF237894D7D85EFD539 /* /Users/aroberd/Documents/Neon-Engine/Dependencies/glfw/src/cocoa_platform.h */; };
		B27BD37E28C64BD1866AD3CF /* /Users/aroberd/Documents/Neon-Engine/Dependencies/glfw/src/osmesa_context.h */ = {isa = PBXBuildFile; fileRef = 6D39A497374E445E8B18BB42 /* /Users/aroberd/Documents/Neon-Engine/Dependencies/glfw/src/osmesa_context.h */; };
		B5DE500A12714424966A5221 /* /Users/aroberd/Documents/Neon-Engine/Dependencies/glfw/src/nsgl_context.h */ = {isa = PBXBuildFile; fileRef = E70436F3C74E4A18B8552FE3 /* /Users/aroberd/Documents/Neon-Engine/Dependencies/glfw/src/nsgl_context.h */; };
		B893DF40D6184CBFA47F7A37 /* /Users/aroberd/Documents/Neon-Engine/Dependencies/glfw/src/internal.h */ = {isa = PBXBuildFile; fileRef = F07B74E7850046C4A6875747 /* /Users/aroberd/Documents/Neon-Engine/Dependencies/glfw/src/internal.h */; };
		B97A5792E61945CC930F107B /* /Users/aroberd/Documents/Neon-Engine/Dependencies/glfw/src/osmesa_context.c */ = {isa = PBXBuildFile; fileRef = D2E470763C614CFCB9C16202 /* /Users/aroberd/Documents/Neon-Engine/Dependencies/glfw/src/osmesa_context.c */; };
		BF03C6FC56BB491D84783275 /* /Users/aroberd/Documents/Neon-Engine/Dependencies/glfw/src/posix_thread.h */ = {isa = PBXBuildFile; fileRef = BBDC6E5AEE6E4CB7AB67429F /* /Users/aroberd/Documents/Neon-Engine/Dependencies/glfw/src/posix_thread.h */; };
		C1B719B7B8364F7283AF5F72 /* /Users/aroberd/Documents/Neon-Engine/Dependencies/glfw/src/input.c */ = {isa = PBXBuildFile; fileRef = A6CE5BA078954BE386AEBEEE /* /Users/aroberd/Documents/Neon-Engine/Dependencies/glfw/src/input.c */; settings = {COMPILER_FLAGS = "-Wdeclaration-after-statement"; }; };
		E4CD4E2C7DCF4822BF83A610 /* /Users/aroberd/Documents/Neon-Engine/Dependencies/glfw/src/glfw_config.h */ = {isa = PBXBuildFile; fileRef = 52FD2C9386544D419EB17253 /* /Users/aroberd/Documents/Neon-Engine/Dependencies/glfw/src/glfw_config.h */; };
		F3B2619FE3A74B159F6C688B /* /Users/aroberd/Documents/Neon-Engine/Dependencies/glfw/src/egl_context.c */ = {isa = PBXBuildFile; fileRef = 6B8C10AE1B464DAC909416A0 /* /Users/aroberd/Documents/Neon-Engine/Dependencies/glfw/src/egl_context.c */; };
		F5B74B15452C41708DBDD9D4 /* /Users/aroberd/Documents/Neon-Engine/Dependencies/glfw/src/CMakeLists.txt */ = {isa = PBXBuildFile; fileRef = C6994DAD13004D5C9C6E0EB8 /* /Users/aroberd/Documents/Neon-Engine/Dependencies/glfw/src/CMakeLists.txt */; };
		F91C023DF205450CA5D50693 /* /Users/aroberd/Documents/Neon-Engine/Dependencies/glfw/src/egl_context.h */ = {isa = PBXBuildFile; fileRef = C80F5A8170FB4DBDA7048710 /* /Users/aroberd/Documents/Neon-Engine/Dependencies/glfw/src/egl_context.h */; };
		FF3226AE79044406923B403C /* /Users/aroberd/Documents/Neon-Engine/Dependencies/glfw/src/mappings.h */ = {isa = PBXBuildFile; fileRef = A47BA7ACDCDC427D97EE8647 /* /Users/aroberd/Documents/Neon-Engine/Dependencies/glfw/src/mappings.h */; };
/* End PBXBuildFile section */

/* Begin PBXBuildStyle section */
		1442563DF2D04C7C89CE038A /* Debug */ = {
			isa = PBXBuildStyle;
			buildSettings = {
				COPY_PHASE_STRIP = NO;
			};
			name = Debug;
		};
		3A126E9E369441059D5CE3CE /* RelWithDebInfo */ = {
			isa = PBXBuildStyle;
			buildSettings = {
				COPY_PHASE_STRIP = NO;
			};
			name = RelWithDebInfo;
		};
		B2CD446BFDB3453A8A48CED0 /* MinSizeRel */ = {
			isa = PBXBuildStyle;
			buildSettings = {
				COPY_PHASE_STRIP = NO;
			};
			name = MinSizeRel;
		};
		ECAFB9F279BD4BCAA134825B /* Release */ = {
			isa = PBXBuildStyle;
			buildSettings = {
				COPY_PHASE_STRIP = NO;
			};
			name = Release;
		};
/* End PBXBuildStyle section */

/* Begin PBXContainerItemProxy section */
		249D89522EAD49DE82684C70 /* PBXContainerItemProxy */ = {
			isa = PBXContainerItemProxy;
			containerPortal = 51F1A4877326485C94CB0BB8 /* Project object */;
			proxyType = 1;
			remoteGlobalIDString = A35013FF5C484592A5C72518;
			remoteInfo = glfw;
		};
		7C44B18563B6493B8CCD5E7F /* PBXContainerItemProxy */ = {
			isa = PBXContainerItemProxy;
			containerPortal = 51F1A4877326485C94CB0BB8 /* Project object */;
			proxyType = 1;
			remoteGlobalIDString = B64B5A26ADA4401CB531D1D3;
			remoteInfo = ZERO_CHECK;
		};
		9DA3FF88980B4928908E6DAF /* PBXContainerItemProxy */ = {
			isa = PBXContainerItemProxy;
			containerPortal = 51F1A4877326485C94CB0BB8 /* Project object */;
			proxyType = 1;
			remoteGlobalIDString = EAFD17FFAEA240C098E5CEA1;
			remoteInfo = ALL_BUILD;
		};
/* End PBXContainerItemProxy section */

/* Begin PBXFileReference section */
		07490BC475B94B70A62B438C /* /Users/aroberd/Documents/Neon-Engine/Dependencies/glfw/src/cocoa_joystick.m */ = {isa = PBXFileReference; explicitFileType = sourcecode.c.objc; fileEncoding = 4; name = cocoa_joystick.m; path = src/cocoa_joystick.m; sourceTree = SOURCE_ROOT; };
		0AB04CB8DF034A9B86AE8D14 /* glfw */ = {isa = PBXFileReference; explicitFileType = "compiled.mach-o.dylib"; path = libglfw.dylib; sourceTree = BUILT_PRODUCTS_DIR; };
		0AC9F9ADB3A748E48599E3DB /* /Users/aroberd/Documents/Neon-Engine/Dependencies/glfw/src/cocoa_init.m */ = {isa = PBXFileReference; explicitFileType = sourcecode.c.objc; fileEncoding = 4; name = cocoa_init.m; path = src/cocoa_init.m; sourceTree = SOURCE_ROOT; };
		1D4D61E748914C729074A721 /* /Users/aroberd/Documents/Neon-Engine/Dependencies/glfw/src/nsgl_context.m */ = {isa = PBXFileReference; explicitFileType = sourcecode.c.objc; fileEncoding = 4; name = nsgl_context.m; path = src/nsgl_context.m; sourceTree = SOURCE_ROOT; };
		252EB231BC7945D4A702A23E /* /Users/aroberd/Documents/Neon-Engine/Dependencies/glfw/src/vulkan.c */ = {isa = PBXFileReference; explicitFileType = sourcecode.c.c; fileEncoding = 4; name = vulkan.c; path = src/vulkan.c; sourceTree = SOURCE_ROOT; };
		2E3BF3CA3EBF44879D536F27 /* /Users/aroberd/Documents/Neon-Engine/Dependencies/glfw/src/posix_thread.c */ = {isa = PBXFileReference; explicitFileType = sourcecode.c.c; fileEncoding = 4; name = posix_thread.c; path = src/posix_thread.c; sourceTree = SOURCE_ROOT; };
		3AF228F8077446B7A4370245 /* /Users/aroberd/Documents/Neon-Engine/Dependencies/glfw/src/cocoa_monitor.m */ = {isa = PBXFileReference; explicitFileType = sourcecode.c.objc; fileEncoding = 4; name = cocoa_monitor.m; path = src/cocoa_monitor.m; sourceTree = SOURCE_ROOT; };
		424363E494364A4789CBDD2A /* /Users/aroberd/Documents/Neon-Engine/Dependencies/glfw/src/window.c */ = {isa = PBXFileReference; explicitFileType = sourcecode.c.c; fileEncoding = 4; name = window.c; path = src/window.c; sourceTree = SOURCE_ROOT; };
		52FD2C9386544D419EB17253 /* /Users/aroberd/Documents/Neon-Engine/Dependencies/glfw/src/glfw_config.h */ = {isa = PBXFileReference; explicitFileType = sourcecode.c.h; fileEncoding = 4; name = glfw_config.h; path = src/glfw_config.h; sourceTree = SOURCE_ROOT; };
		6056DCA9D6CB4BF7B875C7AD /* /Users/aroberd/Documents/Neon-Engine/Dependencies/glfw/CMakeLists.txt */ = {isa = PBXFileReference; explicitFileType = sourcecode.text; fileEncoding = 4; name = CMakeLists.txt; path = CMakeLists.txt; sourceTree = SOURCE_ROOT; };
		6A8164B54DF6411398C68D8F /* /Users/aroberd/Documents/Neon-Engine/Dependencies/glfw/src/cocoa_window.m */ = {isa = PBXFileReference; explicitFileType = sourcecode.c.objc; fileEncoding = 4; name = cocoa_window.m; path = src/cocoa_window.m; sourceTree = SOURCE_ROOT; };
		6B8C10AE1B464DAC909416A0 /* /Users/aroberd/Documents/Neon-Engine/Dependencies/glfw/src/egl_context.c */ = {isa = PBXFileReference; explicitFileType = sourcecode.c.c; fileEncoding = 4; name = egl_context.c; path = src/egl_context.c; sourceTree = SOURCE_ROOT; };
		6D39A497374E445E8B18BB42 /* /Users/aroberd/Documents/Neon-Engine/Dependencies/glfw/src/osmesa_context.h */ = {isa = PBXFileReference; explicitFileType = sourcecode.c.h; fileEncoding = 4; name = osmesa_context.h; path = src/osmesa_context.h; sourceTree = SOURCE_ROOT; };
		77F521277F474E3BA64124C5 /* /Users/aroberd/Documents/Neon-Engine/Dependencies/glfw/CMakeLists.txt */ = {isa = PBXFileReference; explicitFileType = sourcecode.text; fileEncoding = 4; name = CMakeLists.txt; path = CMakeLists.txt; sourceTree = SOURCE_ROOT; };
		8B9D3FDA60EC482FB28F8E23 /* /Users/aroberd/Documents/Neon-Engine/Dependencies/glfw/src/cocoa_time.c */ = {isa = PBXFileReference; explicitFileType = sourcecode.c.c; fileEncoding = 4; name = cocoa_time.c; path = src/cocoa_time.c; sourceTree = SOURCE_ROOT; };
		A47BA7ACDCDC427D97EE8647 /* /Users/aroberd/Documents/Neon-Engine/Dependencies/glfw/src/mappings.h */ = {isa = PBXFileReference; explicitFileType = sourcecode.c.h; fileEncoding = 4; name = mappings.h; path = src/mappings.h; sourceTree = SOURCE_ROOT; };
		A6CE5BA078954BE386AEBEEE /* /Users/aroberd/Documents/Neon-Engine/Dependencies/glfw/src/input.c */ = {isa = PBXFileReference; explicitFileType = sourcecode.c.c; fileEncoding = 4; name = input.c; path = src/input.c; sourceTree = SOURCE_ROOT; };
		ABC2EC682FEB4A1AAD473306 /* /Users/aroberd/Documents/Neon-Engine/Dependencies/glfw/include/GLFW/glfw3native.h */ = {isa = PBXFileReference; explicitFileType = sourcecode.c.h; fileEncoding = 4; name = glfw3native.h; path = include/GLFW/glfw3native.h; sourceTree = SOURCE_ROOT; };
		BBDC6E5AEE6E4CB7AB67429F /* /Users/aroberd/Documents/Neon-Engine/Dependencies/glfw/src/posix_thread.h */ = {isa = PBXFileReference; explicitFileType = sourcecode.c.h; fileEncoding = 4; name = posix_thread.h; path = src/posix_thread.h; sourceTree = SOURCE_ROOT; };
		C128DC002C554FD79A6D9444 /* /Users/aroberd/Documents/Neon-Engine/Dependencies/glfw/src/init.c */ = {isa = PBXFileReference; explicitFileType = sourcecode.c.c; fileEncoding = 4; name = init.c; path = src/init.c; sourceTree = SOURCE_ROOT; };
		C23FDD210D1E4E90BB1359BA /* /Users/aroberd/Documents/Neon-Engine/Dependencies/glfw/src/monitor.c */ = {isa = PBXFileReference; explicitFileType = sourcecode.c.c; fileEncoding = 4; name = monitor.c; path = src/monitor.c; sourceTree = SOURCE_ROOT; };
		C6994DAD13004D5C9C6E0EB8 /* /Users/aroberd/Documents/Neon-Engine/Dependencies/glfw/src/CMakeLists.txt */ = {isa = PBXFileReference; explicitFileType = sourcecode.text; fileEncoding = 4; name = CMakeLists.txt; path = src/CMakeLists.txt; sourceTree = SOURCE_ROOT; };
		C702F374F2054942A8C51285 /* /Users/aroberd/Documents/Neon-Engine/Dependencies/glfw/include/GLFW/glfw3.h */ = {isa = PBXFileReference; explicitFileType = sourcecode.c.h; fileEncoding = 4; name = glfw3.h; path = include/GLFW/glfw3.h; sourceTree = SOURCE_ROOT; };
		C80F5A8170FB4DBDA7048710 /* /Users/aroberd/Documents/Neon-Engine/Dependencies/glfw/src/egl_context.h */ = {isa = PBXFileReference; explicitFileType = sourcecode.c.h; fileEncoding = 4; name = egl_context.h; path = src/egl_context.h; sourceTree = SOURCE_ROOT; };
		CBEFC2A0B460450BB08EA9DA /* /Users/aroberd/Documents/Neon-Engine/Dependencies/glfw/src/cocoa_joystick.h */ = {isa = PBXFileReference; explicitFileType = sourcecode.c.h; fileEncoding = 4; name = cocoa_joystick.h; path = src/cocoa_joystick.h; sourceTree = SOURCE_ROOT; };
		D2E470763C614CFCB9C16202 /* /Users/aroberd/Documents/Neon-Engine/Dependencies/glfw/src/osmesa_context.c */ = {isa = PBXFileReference; explicitFileType = sourcecode.c.c; fileEncoding = 4; name = osmesa_context.c; path = src/osmesa_context.c; sourceTree = SOURCE_ROOT; };
		E70436F3C74E4A18B8552FE3 /* /Users/aroberd/Documents/Neon-Engine/Dependencies/glfw/src/nsgl_context.h */ = {isa = PBXFileReference; explicitFileType = sourcecode.c.h; fileEncoding = 4; name = nsgl_context.h; path = src/nsgl_context.h; sourceTree = SOURCE_ROOT; };
		F07B74E7850046C4A6875747 /* /Users/aroberd/Documents/Neon-Engine/Dependencies/glfw/src/internal.h */ = {isa = PBXFileReference; explicitFileType = sourcecode.c.h; fileEncoding = 4; name = internal.h; path = src/internal.h; sourceTree = SOURCE_ROOT; };
		F0BD4CF237894D7D85EFD539 /* /Users/aroberd/Documents/Neon-Engine/Dependencies/glfw/src/cocoa_platform.h */ = {isa = PBXFileReference; explicitFileType = sourcecode.c.h; fileEncoding = 4; name = cocoa_platform.h; path = src/cocoa_platform.h; sourceTree = SOURCE_ROOT; };
		F5B62795AC654AFB90F21892 /* /Users/aroberd/Documents/Neon-Engine/Dependencies/glfw/src/context.c */ = {isa = PBXFileReference; explicitFileType = sourcecode.c.c; fileEncoding = 4; name = context.c; path = src/context.c; sourceTree = SOURCE_ROOT; };
/* End PBXFileReference section */

/* Begin PBXGroup section */
		05DA689C24534731AC2CFCA0 /* Products */ = {
			isa = PBXGroup;
			children = (
				0AB04CB8DF034A9B86AE8D14 /* glfw */,
			);
			name = Products;
			sourceTree = "<group>";
		};
		104B456750F0456D88BEBB0B /* ALL_BUILD */ = {
			isa = PBXGroup;
			children = (
				7B4F3976472C4BE5A93CE743 /* CMake Rules */,
				6056DCA9D6CB4BF7B875C7AD /* /Users/aroberd/Documents/Neon-Engine/Dependencies/glfw/CMakeLists.txt */,
			);
			name = ALL_BUILD;
			sourceTree = "<group>";
		};
		31C804F931EC4974829AACFE /* Header Files */ = {
			isa = PBXGroup;
			children = (
				C702F374F2054942A8C51285 /* /Users/aroberd/Documents/Neon-Engine/Dependencies/glfw/include/GLFW/glfw3.h */,
				ABC2EC682FEB4A1AAD473306 /* /Users/aroberd/Documents/Neon-Engine/Dependencies/glfw/include/GLFW/glfw3native.h */,
				CBEFC2A0B460450BB08EA9DA /* /Users/aroberd/Documents/Neon-Engine/Dependencies/glfw/src/cocoa_joystick.h */,
				F0BD4CF237894D7D85EFD539 /* /Users/aroberd/Documents/Neon-Engine/Dependencies/glfw/src/cocoa_platform.h */,
				C80F5A8170FB4DBDA7048710 /* /Users/aroberd/Documents/Neon-Engine/Dependencies/glfw/src/egl_context.h */,
				52FD2C9386544D419EB17253 /* /Users/aroberd/Documents/Neon-Engine/Dependencies/glfw/src/glfw_config.h */,
				F07B74E7850046C4A6875747 /* /Users/aroberd/Documents/Neon-Engine/Dependencies/glfw/src/internal.h */,
				A47BA7ACDCDC427D97EE8647 /* /Users/aroberd/Documents/Neon-Engine/Dependencies/glfw/src/mappings.h */,
				E70436F3C74E4A18B8552FE3 /* /Users/aroberd/Documents/Neon-Engine/Dependencies/glfw/src/nsgl_context.h */,
				6D39A497374E445E8B18BB42 /* /Users/aroberd/Documents/Neon-Engine/Dependencies/glfw/src/osmesa_context.h */,
				BBDC6E5AEE6E4CB7AB67429F /* /Users/aroberd/Documents/Neon-Engine/Dependencies/glfw/src/posix_thread.h */,
			);
			name = "Header Files";
			sourceTree = "<group>";
		};
		3BA89EF1230B43E8AA92E914 /* CMake Rules */ = {
			isa = PBXGroup;
			children = (
			);
			name = "CMake Rules";
			sourceTree = "<group>";
		};
		3ED1B7A6AEE840108251E2A9 /* Source Files */ = {
			isa = PBXGroup;
			children = (
				0AC9F9ADB3A748E48599E3DB /* /Users/aroberd/Documents/Neon-Engine/Dependencies/glfw/src/cocoa_init.m */,
				07490BC475B94B70A62B438C /* /Users/aroberd/Documents/Neon-Engine/Dependencies/glfw/src/cocoa_joystick.m */,
				3AF228F8077446B7A4370245 /* /Users/aroberd/Documents/Neon-Engine/Dependencies/glfw/src/cocoa_monitor.m */,
				8B9D3FDA60EC482FB28F8E23 /* /Users/aroberd/Documents/Neon-Engine/Dependencies/glfw/src/cocoa_time.c */,
				6A8164B54DF6411398C68D8F /* /Users/aroberd/Documents/Neon-Engine/Dependencies/glfw/src/cocoa_window.m */,
				F5B62795AC654AFB90F21892 /* /Users/aroberd/Documents/Neon-Engine/Dependencies/glfw/src/context.c */,
				6B8C10AE1B464DAC909416A0 /* /Users/aroberd/Documents/Neon-Engine/Dependencies/glfw/src/egl_context.c */,
				C128DC002C554FD79A6D9444 /* /Users/aroberd/Documents/Neon-Engine/Dependencies/glfw/src/init.c */,
				A6CE5BA078954BE386AEBEEE /* /Users/aroberd/Documents/Neon-Engine/Dependencies/glfw/src/input.c */,
				C23FDD210D1E4E90BB1359BA /* /Users/aroberd/Documents/Neon-Engine/Dependencies/glfw/src/monitor.c */,
				1D4D61E748914C729074A721 /* /Users/aroberd/Documents/Neon-Engine/Dependencies/glfw/src/nsgl_context.m */,
				D2E470763C614CFCB9C16202 /* /Users/aroberd/Documents/Neon-Engine/Dependencies/glfw/src/osmesa_context.c */,
				2E3BF3CA3EBF44879D536F27 /* /Users/aroberd/Documents/Neon-Engine/Dependencies/glfw/src/posix_thread.c */,
				252EB231BC7945D4A702A23E /* /Users/aroberd/Documents/Neon-Engine/Dependencies/glfw/src/vulkan.c */,
				424363E494364A4789CBDD2A /* /Users/aroberd/Documents/Neon-Engine/Dependencies/glfw/src/window.c */,
			);
			name = "Source Files";
			sourceTree = "<group>";
		};
		46F58B2A63264BF3AEBDBB08 /* GLFW3 */ = {
			isa = PBXGroup;
			children = (
				DC5801E4665342AAB8ACF8AD /* glfw */,
			);
			name = GLFW3;
			sourceTree = "<group>";
		};
		64722B3D18514D45964334C6 /* ZERO_CHECK */ = {
			isa = PBXGroup;
			children = (
				3BA89EF1230B43E8AA92E914 /* CMake Rules */,
				77F521277F474E3BA64124C5 /* /Users/aroberd/Documents/Neon-Engine/Dependencies/glfw/CMakeLists.txt */,
			);
			name = ZERO_CHECK;
			sourceTree = "<group>";
		};
		7B4F3976472C4BE5A93CE743 /* CMake Rules */ = {
			isa = PBXGroup;
			children = (
			);
			name = "CMake Rules";
			sourceTree = "<group>";
		};
		DC5801E4665342AAB8ACF8AD /* glfw */ = {
			isa = PBXGroup;
			children = (
				3ED1B7A6AEE840108251E2A9 /* Source Files */,
				31C804F931EC4974829AACFE /* Header Files */,
				C6994DAD13004D5C9C6E0EB8 /* /Users/aroberd/Documents/Neon-Engine/Dependencies/glfw/src/CMakeLists.txt */,
			);
			name = glfw;
			sourceTree = "<group>";
		};
		F17ACBD727C545E084C156F3 = {
			isa = PBXGroup;
			children = (
				104B456750F0456D88BEBB0B /* ALL_BUILD */,
				64722B3D18514D45964334C6 /* ZERO_CHECK */,
				46F58B2A63264BF3AEBDBB08 /* GLFW3 */,
				05DA689C24534731AC2CFCA0 /* Products */,
			);
			sourceTree = "<group>";
		};
/* End PBXGroup section */

/* Begin PBXNativeTarget section */
		A35013FF5C484592A5C72518 /* glfw */ = {
			isa = PBXNativeTarget;
			buildConfigurationList = 8F5931FC5E7B4DAAAFE4BBDA /* Build configuration list for PBXNativeTarget "glfw" */;
			buildPhases = (
				A4A04F390DD340D3A81DAD95 /* Sources */,
				C74B8E4CD42C4731B8299E46 /* CMake PostBuild Rules */,
			);
			buildRules = (
			);
			dependencies = (
			);
			name = glfw;
			productName = glfw;
			productReference = 0AB04CB8DF034A9B86AE8D14 /* glfw */;
			productType = "com.apple.product-type.library.dynamic";
		};
/* End PBXNativeTarget section */

/* Begin PBXProject section */
		51F1A4877326485C94CB0BB8 /* Project object */ = {
			isa = PBXProject;
			attributes = {
				BuildIndependentTargetsInParallel = YES;
				LastUpgradeCheck = 0920;
			};
			buildConfigurationList = F0C660481C2C492ABFF1E753 /* Build configuration list for PBXProject "GLFW" */;
			buildSettings = {
			};
			buildStyles = (
				1442563DF2D04C7C89CE038A /* Debug */,
				ECAFB9F279BD4BCAA134825B /* Release */,
				B2CD446BFDB3453A8A48CED0 /* MinSizeRel */,
				3A126E9E369441059D5CE3CE /* RelWithDebInfo */,
			);
			compatibilityVersion = "Xcode 3.2";
			hasScannedForEncodings = 0;
			mainGroup = F17ACBD727C545E084C156F3;
			projectDirPath = .;
			projectRoot = "";
			targets = (
				EAFD17FFAEA240C098E5CEA1 /* ALL_BUILD */,
				B64B5A26ADA4401CB531D1D3 /* ZERO_CHECK */,
				76726622494643A5AF5C1B6F /* install */,
				A35013FF5C484592A5C72518 /* glfw */,
			);
		};
/* End PBXProject section */

/* Begin PBXShellScriptBuildPhase section */
		1799E24361AC414BAE4C49FF /* CMake PostBuild Rules */ = {
			isa = PBXShellScriptBuildPhase;
			buildActionMask = 2147483647;
			files = (
			);
			name = "CMake PostBuild Rules";
			runOnlyForDeploymentPostprocessing = 0;
			shellPath = /bin/sh;
			shellScript = "make -C /Users/aroberd/Documents/Neon-Engine/Dependencies/glfw -f /Users/aroberd/Documents/Neon-Engine/Dependencies/glfw/CMakeScripts/install_postBuildPhase.make$CONFIGURATION all";
			showEnvVarsInLog = 0;
		};
		2744CD6A7E8D4088990B8FC7 = {
			isa = PBXShellScriptBuildPhase;
			buildActionMask = 2147483647;
			files = (
			);
			inputPaths = (
			);
			outputPaths = (
			);
			runOnlyForDeploymentPostprocessing = 0;
			shellPath = /bin/sh;
			shellScript = "# shell script goes here
exit 0";
			showEnvVarsInLog = 0;
		};
		691690B8FC7946609C4CB3A3 = {
			isa = PBXShellScriptBuildPhase;
			buildActionMask = 2147483647;
			files = (
			);
			inputPaths = (
			);
			outputPaths = (
			);
			runOnlyForDeploymentPostprocessing = 0;
			shellPath = /bin/sh;
			shellScript = "# shell script goes here
exit 0";
			showEnvVarsInLog = 0;
		};
		C74B8E4CD42C4731B8299E46 /* CMake PostBuild Rules */ = {
			isa = PBXShellScriptBuildPhase;
			buildActionMask = 2147483647;
			files = (
			);
			name = "CMake PostBuild Rules";
			runOnlyForDeploymentPostprocessing = 0;
			shellPath = /bin/sh;
			shellScript = "make -C /Users/aroberd/Documents/Neon-Engine/Dependencies/glfw/src -f /Users/aroberd/Documents/Neon-Engine/Dependencies/glfw/src/CMakeScripts/glfw_postBuildPhase.make$CONFIGURATION all";
			showEnvVarsInLog = 0;
		};
		E7AB31B05CFE47A79F8521ED /* CMake Rules */ = {
			isa = PBXShellScriptBuildPhase;
			buildActionMask = 2147483647;
			files = (
			);
			name = "CMake Rules";
			runOnlyForDeploymentPostprocessing = 0;
			shellPath = /bin/sh;
			shellScript = "make -C /Users/aroberd/Documents/Neon-Engine/Dependencies/glfw -f /Users/aroberd/Documents/Neon-Engine/Dependencies/glfw/CMakeScripts/ALL_BUILD_cmakeRulesBuildPhase.make$CONFIGURATION all";
			showEnvVarsInLog = 0;
		};
		E8B158711C5C43D8A3780AE8 = {
			isa = PBXShellScriptBuildPhase;
			buildActionMask = 2147483647;
			files = (
			);
			inputPaths = (
			);
			outputPaths = (
			);
			runOnlyForDeploymentPostprocessing = 0;
			shellPath = /bin/sh;
			shellScript = "# shell script goes here
exit 0";
			showEnvVarsInLog = 0;
		};
		F7953A53301149279B99D78F /* CMake Rules */ = {
			isa = PBXShellScriptBuildPhase;
			buildActionMask = 2147483647;
			files = (
			);
			name = "CMake Rules";
			runOnlyForDeploymentPostprocessing = 0;
			shellPath = /bin/sh;
			shellScript = "make -C /Users/aroberd/Documents/Neon-Engine/Dependencies/glfw -f /Users/aroberd/Documents/Neon-Engine/Dependencies/glfw/CMakeScripts/ZERO_CHECK_cmakeRulesBuildPhase.make$CONFIGURATION all";
			showEnvVarsInLog = 0;
		};
/* End PBXShellScriptBuildPhase section */

/* Begin PBXSourcesBuildPhase section */
		A4A04F390DD340D3A81DAD95 /* Sources */ = {
			isa = PBXSourcesBuildPhase;
			buildActionMask = 2147483647;
			files = (
				1886BE4315954095992F531F /* /Users/aroberd/Documents/Neon-Engine/Dependencies/glfw/src/cocoa_init.m */,
				89A575E1FD9F4630A0B78D1F /* /Users/aroberd/Documents/Neon-Engine/Dependencies/glfw/src/cocoa_joystick.m */,
				34D8686A72C841E2AD35E954 /* /Users/aroberd/Documents/Neon-Engine/Dependencies/glfw/src/cocoa_monitor.m */,
				18A93D36CAE5453CA3A0538C /* /Users/aroberd/Documents/Neon-Engine/Dependencies/glfw/src/cocoa_time.c */,
				3431754E08E04164BB37E886 /* /Users/aroberd/Documents/Neon-Engine/Dependencies/glfw/src/cocoa_window.m */,
				03B6FC52DF654EE3B69D0103 /* /Users/aroberd/Documents/Neon-Engine/Dependencies/glfw/src/context.c */,
				F3B2619FE3A74B159F6C688B /* /Users/aroberd/Documents/Neon-Engine/Dependencies/glfw/src/egl_context.c */,
				5BDF52E4C21D4F60A349F39E /* /Users/aroberd/Documents/Neon-Engine/Dependencies/glfw/src/init.c */,
				C1B719B7B8364F7283AF5F72 /* /Users/aroberd/Documents/Neon-Engine/Dependencies/glfw/src/input.c */,
				A5D31B0E6A9543BDB3B8DEB8 /* /Users/aroberd/Documents/Neon-Engine/Dependencies/glfw/src/monitor.c */,
				08DCD6866D26486AB0D7F181 /* /Users/aroberd/Documents/Neon-Engine/Dependencies/glfw/src/nsgl_context.m */,
				B97A5792E61945CC930F107B /* /Users/aroberd/Documents/Neon-Engine/Dependencies/glfw/src/osmesa_context.c */,
				78B4C7D474034997BE78C5BB /* /Users/aroberd/Documents/Neon-Engine/Dependencies/glfw/src/posix_thread.c */,
				38D0926962404EB7AD6B6AA0 /* /Users/aroberd/Documents/Neon-Engine/Dependencies/glfw/src/vulkan.c */,
				2E9F3FCE61374C3AA367C454 /* /Users/aroberd/Documents/Neon-Engine/Dependencies/glfw/src/window.c */,
			);
			runOnlyForDeploymentPostprocessing = 0;
		};
/* End PBXSourcesBuildPhase section */

/* Begin PBXTargetDependency section */
		1AA61BE22A07414B8E4C4FB4 /* PBXTargetDependency */ = {
			isa = PBXTargetDependency;
			target = EAFD17FFAEA240C098E5CEA1 /* ALL_BUILD */;
			targetProxy = 9DA3FF88980B4928908E6DAF /* PBXContainerItemProxy */;
		};
		6D60B49EBE014F42A54AF57E /* PBXTargetDependency */ = {
			isa = PBXTargetDependency;
			target = B64B5A26ADA4401CB531D1D3 /* ZERO_CHECK */;
			targetProxy = 7C44B18563B6493B8CCD5E7F /* PBXContainerItemProxy */;
		};
		9E8BE183FF38469591280D30 /* PBXTargetDependency */ = {
			isa = PBXTargetDependency;
			target = A35013FF5C484592A5C72518 /* glfw */;
			targetProxy = 249D89522EAD49DE82684C70 /* PBXContainerItemProxy */;
		};
/* End PBXTargetDependency section */

/* Begin XCBuildConfiguration section */
		00B1E55462E84765AAF1AA1A /* MinSizeRel */ = {
			isa = XCBuildConfiguration;
			buildSettings = {
				COMBINE_HIDPI_IMAGES = YES;
				DYLIB_COMPATIBILITY_VERSION = 3.0.0;
				DYLIB_CURRENT_VERSION = 3.3.0;
				EXECUTABLE_PREFIX = lib;
				EXECUTABLE_SUFFIX = .dylib;
				GCC_GENERATE_DEBUGGING_SYMBOLS = NO;
				GCC_INLINES_ARE_PRIVATE_EXTERN = NO;
				GCC_OPTIMIZATION_LEVEL = 0;
				GCC_PREPROCESSOR_DEFINITIONS = ("'CMAKE_INTDIR=\"$(CONFIGURATION)$(EFFECTIVE_PLATFORM_NAME)\"'",glfw_EXPORTS,_GLFW_USE_CONFIG_H);
				GCC_SYMBOLS_PRIVATE_EXTERN = NO;
				HEADER_SEARCH_PATHS = ("/Users/aroberd/Documents/Neon-Engine/Dependencies/glm","/Users/aroberd/Documents/Neon-Engine/Dependencies/stb_image","/Users/aroberd/Documents/Neon-Engine/Dependencies/tinyobjloader-1.0.6","/Users/aroberd/Documents/Neon-Engine/Dependencies/assimp-4.1.0/include","/Users/aroberd/Documents/Neon-Engine/Dependencies/glfw/include","/Users/aroberd/Documents/Neon-Engine/Dependencies/glfw/src");
				INSTALL_PATH = "";
				LIBRARY_SEARCH_PATHS = "";
				LIBRARY_STYLE = DYNAMIC;
				OTHER_CFLAGS = "-fPIC -Wall -fno-common  ";
				OTHER_LDFLAGS = " -dynamiclib -Wl,-headerpad_max_install_names -install_name /Users/aroberd/Documents/Neon-Engine/Dependencies/glfw/src/MinSizeRel/libglfw.3.dylib  -framework Cocoa -framework IOKit -framework CoreFoundation -framework CoreVideo";
				OTHER_REZFLAGS = "";
				PRODUCT_NAME = glfw.3.3;
				SECTORDER_FLAGS = "";
				SYMROOT = "/Users/aroberd/Documents/Neon-Engine/Dependencies/glfw/src";
				USE_HEADERMAP = NO;
				WARNING_CFLAGS = ("-Wmost","-Wno-four-char-constants","-Wno-unknown-pragmas","$(inherited)");
			};
			name = MinSizeRel;
		};
		0B4907552F08461D8AA9CAF6 /* Debug */ = {
			isa = XCBuildConfiguration;
			buildSettings = {
				MACOSX_DEPLOYMENT_TARGET = 10.12;
				ONLY_ACTIVE_ARCH = YES;
				SDKROOT = /Library/Developer/CommandLineTools/SDKs/MacOSX10.13.sdk;
				SYMROOT = "/Users/aroberd/Documents/Neon-Engine/Dependencies/glfw/build";
			};
			name = Debug;
		};
		10E20A396B9041FDAEE48784 /* RelWithDebInfo */ = {
			isa = XCBuildConfiguration;
			buildSettings = {
				MACOSX_DEPLOYMENT_TARGET = 10.12;
				ONLY_ACTIVE_ARCH = YES;
				SDKROOT = /Library/Developer/CommandLineTools/SDKs/MacOSX10.13.sdk;
				SYMROOT = "/Users/aroberd/Documents/Neon-Engine/Dependencies/glfw/build";
			};
			name = RelWithDebInfo;
		};
		1105A80E821A4B9FBCD1E8F7 /* Release */ = {
			isa = XCBuildConfiguration;
			buildSettings = {
				COMBINE_HIDPI_IMAGES = YES;
				GCC_GENERATE_DEBUGGING_SYMBOLS = YES;
				GCC_INLINES_ARE_PRIVATE_EXTERN = NO;
				GCC_OPTIMIZATION_LEVEL = 0;
				GCC_PREPROCESSOR_DEFINITIONS = ("'CMAKE_INTDIR=\"$(CONFIGURATION)$(EFFECTIVE_PLATFORM_NAME)\"'");
				GCC_SYMBOLS_PRIVATE_EXTERN = NO;
				HEADER_SEARCH_PATHS = ("/Users/aroberd/Documents/Neon-Engine/Dependencies/glm","/Users/aroberd/Documents/Neon-Engine/Dependencies/stb_image","/Users/aroberd/Documents/Neon-Engine/Dependencies/tinyobjloader-1.0.6","/Users/aroberd/Documents/Neon-Engine/Dependencies/assimp-4.1.0/include");
				INSTALL_PATH = "";
				OTHER_LDFLAGS = " ";
				OTHER_REZFLAGS = "";
				PRODUCT_NAME = install;
				SECTORDER_FLAGS = "";
				SYMROOT = "/Users/aroberd/Documents/Neon-Engine/Dependencies/glfw";
				USE_HEADERMAP = NO;
				WARNING_CFLAGS = ("-Wmost","-Wno-four-char-constants","-Wno-unknown-pragmas","$(inherited)");
			};
			name = Release;
		};
		1BBE4AB515A34253867C487C /* MinSizeRel */ = {
			isa = XCBuildConfiguration;
			buildSettings = {
				MACOSX_DEPLOYMENT_TARGET = 10.12;
				ONLY_ACTIVE_ARCH = YES;
				SDKROOT = /Library/Developer/CommandLineTools/SDKs/MacOSX10.13.sdk;
				SYMROOT = "/Users/aroberd/Documents/Neon-Engine/Dependencies/glfw/build";
			};
			name = MinSizeRel;
		};
		3663AE9F5E724BE1A2D395B3 /* Debug */ = {
			isa = XCBuildConfiguration;
			buildSettings = {
				COMBINE_HIDPI_IMAGES = YES;
				GCC_GENERATE_DEBUGGING_SYMBOLS = YES;
				GCC_INLINES_ARE_PRIVATE_EXTERN = NO;
				GCC_OPTIMIZATION_LEVEL = 0;
				GCC_PREPROCESSOR_DEFINITIONS = ("'CMAKE_INTDIR=\"$(CONFIGURATION)$(EFFECTIVE_PLATFORM_NAME)\"'");
				GCC_SYMBOLS_PRIVATE_EXTERN = NO;
				HEADER_SEARCH_PATHS = ("/Users/aroberd/Documents/Neon-Engine/Dependencies/glm","/Users/aroberd/Documents/Neon-Engine/Dependencies/stb_image","/Users/aroberd/Documents/Neon-Engine/Dependencies/tinyobjloader-1.0.6","/Users/aroberd/Documents/Neon-Engine/Dependencies/assimp-4.1.0/include");
				INSTALL_PATH = "";
				OTHER_LDFLAGS = " ";
				OTHER_REZFLAGS = "";
				PRODUCT_NAME = ZERO_CHECK;
				SECTORDER_FLAGS = "";
				SYMROOT = "/Users/aroberd/Documents/Neon-Engine/Dependencies/glfw";
				USE_HEADERMAP = NO;
				WARNING_CFLAGS = ("-Wmost","-Wno-four-char-constants","-Wno-unknown-pragmas","$(inherited)");
			};
			name = Debug;
		};
		40F1DDD4F688440B9F9FEBBD /* Release */ = {
			isa = XCBuildConfiguration;
			buildSettings = {
				MACOSX_DEPLOYMENT_TARGET = 10.12;
				ONLY_ACTIVE_ARCH = YES;
				SDKROOT = /Library/Developer/CommandLineTools/SDKs/MacOSX10.13.sdk;
				SYMROOT = "/Users/aroberd/Documents/Neon-Engine/Dependencies/glfw/build";
			};
			name = Release;
		};
		4A03E50482EC4EC0AC5AD056 /* Release */ = {
			isa = XCBuildConfiguration;
			buildSettings = {
				COMBINE_HIDPI_IMAGES = YES;
				GCC_GENERATE_DEBUGGING_SYMBOLS = YES;
				GCC_INLINES_ARE_PRIVATE_EXTERN = NO;
				GCC_OPTIMIZATION_LEVEL = 0;
				GCC_PREPROCESSOR_DEFINITIONS = ("'CMAKE_INTDIR=\"$(CONFIGURATION)$(EFFECTIVE_PLATFORM_NAME)\"'");
				GCC_SYMBOLS_PRIVATE_EXTERN = NO;
				HEADER_SEARCH_PATHS = ("/Users/aroberd/Documents/Neon-Engine/Dependencies/glm","/Users/aroberd/Documents/Neon-Engine/Dependencies/stb_image","/Users/aroberd/Documents/Neon-Engine/Dependencies/tinyobjloader-1.0.6","/Users/aroberd/Documents/Neon-Engine/Dependencies/assimp-4.1.0/include");
				INSTALL_PATH = "";
				OTHER_LDFLAGS = " ";
				OTHER_REZFLAGS = "";
				PRODUCT_NAME = ZERO_CHECK;
				SECTORDER_FLAGS = "";
				SYMROOT = "/Users/aroberd/Documents/Neon-Engine/Dependencies/glfw";
				USE_HEADERMAP = NO;
				WARNING_CFLAGS = ("-Wmost","-Wno-four-char-constants","-Wno-unknown-pragmas","$(inherited)");
			};
			name = Release;
		};
		5695A61A1CDC426CA6B07157 /* RelWithDebInfo */ = {
			isa = XCBuildConfiguration;
			buildSettings = {
				COMBINE_HIDPI_IMAGES = YES;
				DYLIB_COMPATIBILITY_VERSION = 3.0.0;
				DYLIB_CURRENT_VERSION = 3.3.0;
				EXECUTABLE_PREFIX = lib;
				EXECUTABLE_SUFFIX = .dylib;
				GCC_GENERATE_DEBUGGING_SYMBOLS = NO;
				GCC_INLINES_ARE_PRIVATE_EXTERN = NO;
				GCC_OPTIMIZATION_LEVEL = 0;
				GCC_PREPROCESSOR_DEFINITIONS = ("'CMAKE_INTDIR=\"$(CONFIGURATION)$(EFFECTIVE_PLATFORM_NAME)\"'",glfw_EXPORTS,_GLFW_USE_CONFIG_H);
				GCC_SYMBOLS_PRIVATE_EXTERN = NO;
				HEADER_SEARCH_PATHS = ("/Users/aroberd/Documents/Neon-Engine/Dependencies/glm","/Users/aroberd/Documents/Neon-Engine/Dependencies/stb_image","/Users/aroberd/Documents/Neon-Engine/Dependencies/tinyobjloader-1.0.6","/Users/aroberd/Documents/Neon-Engine/Dependencies/assimp-4.1.0/include","/Users/aroberd/Documents/Neon-Engine/Dependencies/glfw/include","/Users/aroberd/Documents/Neon-Engine/Dependencies/glfw/src");
				INSTALL_PATH = "";
				LIBRARY_SEARCH_PATHS = "";
				LIBRARY_STYLE = DYNAMIC;
				OTHER_CFLAGS = "-fPIC -Wall -fno-common  ";
				OTHER_LDFLAGS = " -dynamiclib -Wl,-headerpad_max_install_names -install_name /Users/aroberd/Documents/Neon-Engine/Dependencies/glfw/src/RelWithDebInfo/libglfw.3.dylib  -framework Cocoa -framework IOKit -framework CoreFoundation -framework CoreVideo";
				OTHER_REZFLAGS = "";
				PRODUCT_NAME = glfw.3.3;
				SECTORDER_FLAGS = "";
				SYMROOT = "/Users/aroberd/Documents/Neon-Engine/Dependencies/glfw/src";
				USE_HEADERMAP = NO;
				WARNING_CFLAGS = ("-Wmost","-Wno-four-char-constants","-Wno-unknown-pragmas","$(inherited)");
			};
			name = RelWithDebInfo;
		};
		653FEB4481B84349A8EB0D01 /* RelWithDebInfo */ = {
			isa = XCBuildConfiguration;
			buildSettings = {
				COMBINE_HIDPI_IMAGES = YES;
				GCC_GENERATE_DEBUGGING_SYMBOLS = YES;
				GCC_INLINES_ARE_PRIVATE_EXTERN = NO;
				GCC_OPTIMIZATION_LEVEL = 0;
				GCC_PREPROCESSOR_DEFINITIONS = ("'CMAKE_INTDIR=\"$(CONFIGURATION)$(EFFECTIVE_PLATFORM_NAME)\"'");
				GCC_SYMBOLS_PRIVATE_EXTERN = NO;
				HEADER_SEARCH_PATHS = ("/Users/aroberd/Documents/Neon-Engine/Dependencies/glm","/Users/aroberd/Documents/Neon-Engine/Dependencies/stb_image","/Users/aroberd/Documents/Neon-Engine/Dependencies/tinyobjloader-1.0.6","/Users/aroberd/Documents/Neon-Engine/Dependencies/assimp-4.1.0/include");
				INSTALL_PATH = "";
				OTHER_LDFLAGS = " ";
				OTHER_REZFLAGS = "";
				PRODUCT_NAME = install;
				SECTORDER_FLAGS = "";
				SYMROOT = "/Users/aroberd/Documents/Neon-Engine/Dependencies/glfw";
				USE_HEADERMAP = NO;
				WARNING_CFLAGS = ("-Wmost","-Wno-four-char-constants","-Wno-unknown-pragmas","$(inherited)");
			};
			name = RelWithDebInfo;
		};
		6CEC87C63F5B49248530A024 /* Debug */ = {
			isa = XCBuildConfiguration;
			buildSettings = {
				COMBINE_HIDPI_IMAGES = YES;
				DYLIB_COMPATIBILITY_VERSION = 3.0.0;
				DYLIB_CURRENT_VERSION = 3.3.0;
				EXECUTABLE_PREFIX = lib;
				EXECUTABLE_SUFFIX = .dylib;
				GCC_GENERATE_DEBUGGING_SYMBOLS = NO;
				GCC_INLINES_ARE_PRIVATE_EXTERN = NO;
				GCC_OPTIMIZATION_LEVEL = 0;
				GCC_PREPROCESSOR_DEFINITIONS = ("'CMAKE_INTDIR=\"$(CONFIGURATION)$(EFFECTIVE_PLATFORM_NAME)\"'",glfw_EXPORTS,_GLFW_USE_CONFIG_H);
				GCC_SYMBOLS_PRIVATE_EXTERN = NO;
				HEADER_SEARCH_PATHS = ("/Users/aroberd/Documents/Neon-Engine/Dependencies/glm","/Users/aroberd/Documents/Neon-Engine/Dependencies/stb_image","/Users/aroberd/Documents/Neon-Engine/Dependencies/tinyobjloader-1.0.6","/Users/aroberd/Documents/Neon-Engine/Dependencies/assimp-4.1.0/include","/Users/aroberd/Documents/Neon-Engine/Dependencies/glfw/include","/Users/aroberd/Documents/Neon-Engine/Dependencies/glfw/src");
				INSTALL_PATH = "";
				LIBRARY_SEARCH_PATHS = "";
				LIBRARY_STYLE = DYNAMIC;
				OTHER_CFLAGS = "-fPIC -Wall -fno-common  ";
				OTHER_LDFLAGS = " -dynamiclib -Wl,-headerpad_max_install_names -install_name /Users/aroberd/Documents/Neon-Engine/Dependencies/glfw/src/Debug/libglfw.3.dylib  -framework Cocoa -framework IOKit -framework CoreFoundation -framework CoreVideo";
				OTHER_REZFLAGS = "";
				PRODUCT_NAME = glfw.3.3;
				SECTORDER_FLAGS = "";
				SYMROOT = "/Users/aroberd/Documents/Neon-Engine/Dependencies/glfw/src";
				USE_HEADERMAP = NO;
				WARNING_CFLAGS = ("-Wmost","-Wno-four-char-constants","-Wno-unknown-pragmas","$(inherited)");
			};
			name = Debug;
		};
		8A1B211000DF491A8FD203E6 /* Release */ = {
			isa = XCBuildConfiguration;
			buildSettings = {
				COMBINE_HIDPI_IMAGES = YES;
				GCC_GENERATE_DEBUGGING_SYMBOLS = YES;
				GCC_INLINES_ARE_PRIVATE_EXTERN = NO;
				GCC_OPTIMIZATION_LEVEL = 0;
				GCC_PREPROCESSOR_DEFINITIONS = ("'CMAKE_INTDIR=\"$(CONFIGURATION)$(EFFECTIVE_PLATFORM_NAME)\"'");
				GCC_SYMBOLS_PRIVATE_EXTERN = NO;
				HEADER_SEARCH_PATHS = ("/Users/aroberd/Documents/Neon-Engine/Dependencies/glm","/Users/aroberd/Documents/Neon-Engine/Dependencies/stb_image","/Users/aroberd/Documents/Neon-Engine/Dependencies/tinyobjloader-1.0.6","/Users/aroberd/Documents/Neon-Engine/Dependencies/assimp-4.1.0/include");
				INSTALL_PATH = "";
				OTHER_LDFLAGS = " ";
				OTHER_REZFLAGS = "";
				PRODUCT_NAME = ALL_BUILD;
				SECTORDER_FLAGS = "";
				SYMROOT = "/Users/aroberd/Documents/Neon-Engine/Dependencies/glfw";
				USE_HEADERMAP = NO;
				WARNING_CFLAGS = ("-Wmost","-Wno-four-char-constants","-Wno-unknown-pragmas","$(inherited)");
			};
			name = Release;
		};
		8C6850D804AE47059B5FDA7D /* MinSizeRel */ = {
			isa = XCBuildConfiguration;
			buildSettings = {
				COMBINE_HIDPI_IMAGES = YES;
				GCC_GENERATE_DEBUGGING_SYMBOLS = YES;
				GCC_INLINES_ARE_PRIVATE_EXTERN = NO;
				GCC_OPTIMIZATION_LEVEL = 0;
				GCC_PREPROCESSOR_DEFINITIONS = ("'CMAKE_INTDIR=\"$(CONFIGURATION)$(EFFECTIVE_PLATFORM_NAME)\"'");
				GCC_SYMBOLS_PRIVATE_EXTERN = NO;
				HEADER_SEARCH_PATHS = ("/Users/aroberd/Documents/Neon-Engine/Dependencies/glm","/Users/aroberd/Documents/Neon-Engine/Dependencies/stb_image","/Users/aroberd/Documents/Neon-Engine/Dependencies/tinyobjloader-1.0.6","/Users/aroberd/Documents/Neon-Engine/Dependencies/assimp-4.1.0/include");
				INSTALL_PATH = "";
				OTHER_LDFLAGS = " ";
				OTHER_REZFLAGS = "";
				PRODUCT_NAME = ALL_BUILD;
				SECTORDER_FLAGS = "";
				SYMROOT = "/Users/aroberd/Documents/Neon-Engine/Dependencies/glfw";
				USE_HEADERMAP = NO;
				WARNING_CFLAGS = ("-Wmost","-Wno-four-char-constants","-Wno-unknown-pragmas","$(inherited)");
			};
			name = MinSizeRel;
		};
		99720577DDCE42589CF86082 /* Debug */ = {
			isa = XCBuildConfiguration;
			buildSettings = {
				COMBINE_HIDPI_IMAGES = YES;
				GCC_GENERATE_DEBUGGING_SYMBOLS = YES;
				GCC_INLINES_ARE_PRIVATE_EXTERN = NO;
				GCC_OPTIMIZATION_LEVEL = 0;
				GCC_PREPROCESSOR_DEFINITIONS = ("'CMAKE_INTDIR=\"$(CONFIGURATION)$(EFFECTIVE_PLATFORM_NAME)\"'");
				GCC_SYMBOLS_PRIVATE_EXTERN = NO;
				HEADER_SEARCH_PATHS = ("/Users/aroberd/Documents/Neon-Engine/Dependencies/glm","/Users/aroberd/Documents/Neon-Engine/Dependencies/stb_image","/Users/aroberd/Documents/Neon-Engine/Dependencies/tinyobjloader-1.0.6","/Users/aroberd/Documents/Neon-Engine/Dependencies/assimp-4.1.0/include");
				INSTALL_PATH = "";
				OTHER_LDFLAGS = " ";
				OTHER_REZFLAGS = "";
				PRODUCT_NAME = install;
				SECTORDER_FLAGS = "";
				SYMROOT = "/Users/aroberd/Documents/Neon-Engine/Dependencies/glfw";
				USE_HEADERMAP = NO;
				WARNING_CFLAGS = ("-Wmost","-Wno-four-char-constants","-Wno-unknown-pragmas","$(inherited)");
			};
			name = Debug;
		};
		AF5010A908C34967945329B2 /* Debug */ = {
			isa = XCBuildConfiguration;
			buildSettings = {
				COMBINE_HIDPI_IMAGES = YES;
				GCC_GENERATE_DEBUGGING_SYMBOLS = YES;
				GCC_INLINES_ARE_PRIVATE_EXTERN = NO;
				GCC_OPTIMIZATION_LEVEL = 0;
				GCC_PREPROCESSOR_DEFINITIONS = ("'CMAKE_INTDIR=\"$(CONFIGURATION)$(EFFECTIVE_PLATFORM_NAME)\"'");
				GCC_SYMBOLS_PRIVATE_EXTERN = NO;
				HEADER_SEARCH_PATHS = ("/Users/aroberd/Documents/Neon-Engine/Dependencies/glm","/Users/aroberd/Documents/Neon-Engine/Dependencies/stb_image","/Users/aroberd/Documents/Neon-Engine/Dependencies/tinyobjloader-1.0.6","/Users/aroberd/Documents/Neon-Engine/Dependencies/assimp-4.1.0/include");
				INSTALL_PATH = "";
				OTHER_LDFLAGS = " ";
				OTHER_REZFLAGS = "";
				PRODUCT_NAME = ALL_BUILD;
				SECTORDER_FLAGS = "";
				SYMROOT = "/Users/aroberd/Documents/Neon-Engine/Dependencies/glfw";
				USE_HEADERMAP = NO;
				WARNING_CFLAGS = ("-Wmost","-Wno-four-char-constants","-Wno-unknown-pragmas","$(inherited)");
			};
			name = Debug;
		};
		BF0FFD376B914EC199184517 /* RelWithDebInfo */ = {
			isa = XCBuildConfiguration;
			buildSettings = {
				COMBINE_HIDPI_IMAGES = YES;
				GCC_GENERATE_DEBUGGING_SYMBOLS = YES;
				GCC_INLINES_ARE_PRIVATE_EXTERN = NO;
				GCC_OPTIMIZATION_LEVEL = 0;
				GCC_PREPROCESSOR_DEFINITIONS = ("'CMAKE_INTDIR=\"$(CONFIGURATION)$(EFFECTIVE_PLATFORM_NAME)\"'");
				GCC_SYMBOLS_PRIVATE_EXTERN = NO;
				HEADER_SEARCH_PATHS = ("/Users/aroberd/Documents/Neon-Engine/Dependencies/glm","/Users/aroberd/Documents/Neon-Engine/Dependencies/stb_image","/Users/aroberd/Documents/Neon-Engine/Dependencies/tinyobjloader-1.0.6","/Users/aroberd/Documents/Neon-Engine/Dependencies/assimp-4.1.0/include");
				INSTALL_PATH = "";
				OTHER_LDFLAGS = " ";
				OTHER_REZFLAGS = "";
				PRODUCT_NAME = ALL_BUILD;
				SECTORDER_FLAGS = "";
				SYMROOT = "/Users/aroberd/Documents/Neon-Engine/Dependencies/glfw";
				USE_HEADERMAP = NO;
				WARNING_CFLAGS = ("-Wmost","-Wno-four-char-constants","-Wno-unknown-pragmas","$(inherited)");
			};
			name = RelWithDebInfo;
		};
		CBF8C0A44C13437EA481DAED /* RelWithDebInfo */ = {
			isa = XCBuildConfiguration;
			buildSettings = {
				COMBINE_HIDPI_IMAGES = YES;
				GCC_GENERATE_DEBUGGING_SYMBOLS = YES;
				GCC_INLINES_ARE_PRIVATE_EXTERN = NO;
				GCC_OPTIMIZATION_LEVEL = 0;
				GCC_PREPROCESSOR_DEFINITIONS = ("'CMAKE_INTDIR=\"$(CONFIGURATION)$(EFFECTIVE_PLATFORM_NAME)\"'");
				GCC_SYMBOLS_PRIVATE_EXTERN = NO;
				HEADER_SEARCH_PATHS = ("/Users/aroberd/Documents/Neon-Engine/Dependencies/glm","/Users/aroberd/Documents/Neon-Engine/Dependencies/stb_image","/Users/aroberd/Documents/Neon-Engine/Dependencies/tinyobjloader-1.0.6","/Users/aroberd/Documents/Neon-Engine/Dependencies/assimp-4.1.0/include");
				INSTALL_PATH = "";
				OTHER_LDFLAGS = " ";
				OTHER_REZFLAGS = "";
				PRODUCT_NAME = ZERO_CHECK;
				SECTORDER_FLAGS = "";
				SYMROOT = "/Users/aroberd/Documents/Neon-Engine/Dependencies/glfw";
				USE_HEADERMAP = NO;
				WARNING_CFLAGS = ("-Wmost","-Wno-four-char-constants","-Wno-unknown-pragmas","$(inherited)");
			};
			name = RelWithDebInfo;
		};
		CD76605F2FF1435DB02A5381 /* Release */ = {
			isa = XCBuildConfiguration;
			buildSettings = {
				COMBINE_HIDPI_IMAGES = YES;
				DYLIB_COMPATIBILITY_VERSION = 3.0.0;
				DYLIB_CURRENT_VERSION = 3.3.0;
				EXECUTABLE_PREFIX = lib;
				EXECUTABLE_SUFFIX = .dylib;
				GCC_GENERATE_DEBUGGING_SYMBOLS = NO;
				GCC_INLINES_ARE_PRIVATE_EXTERN = NO;
				GCC_OPTIMIZATION_LEVEL = 0;
				GCC_PREPROCESSOR_DEFINITIONS = ("'CMAKE_INTDIR=\"$(CONFIGURATION)$(EFFECTIVE_PLATFORM_NAME)\"'",glfw_EXPORTS,_GLFW_USE_CONFIG_H);
				GCC_SYMBOLS_PRIVATE_EXTERN = NO;
				HEADER_SEARCH_PATHS = ("/Users/aroberd/Documents/Neon-Engine/Dependencies/glm","/Users/aroberd/Documents/Neon-Engine/Dependencies/stb_image","/Users/aroberd/Documents/Neon-Engine/Dependencies/tinyobjloader-1.0.6","/Users/aroberd/Documents/Neon-Engine/Dependencies/assimp-4.1.0/include","/Users/aroberd/Documents/Neon-Engine/Dependencies/glfw/include","/Users/aroberd/Documents/Neon-Engine/Dependencies/glfw/src");
				INSTALL_PATH = "";
				LIBRARY_SEARCH_PATHS = "";
				LIBRARY_STYLE = DYNAMIC;
				OTHER_CFLAGS = "-fPIC -Wall -fno-common  ";
				OTHER_LDFLAGS = " -dynamiclib -Wl,-headerpad_max_install_names -install_name /Users/aroberd/Documents/Neon-Engine/Dependencies/glfw/src/Release/libglfw.3.dylib  -framework Cocoa -framework IOKit -framework CoreFoundation -framework CoreVideo";
				OTHER_REZFLAGS = "";
				PRODUCT_NAME = glfw.3.3;
				SECTORDER_FLAGS = "";
				SYMROOT = "/Users/aroberd/Documents/Neon-Engine/Dependencies/glfw/src";
				USE_HEADERMAP = NO;
				WARNING_CFLAGS = ("-Wmost","-Wno-four-char-constants","-Wno-unknown-pragmas","$(inherited)");
			};
			name = Release;
		};
		ED635BA5DFD74FBF91669AB2 /* MinSizeRel */ = {
			isa = XCBuildConfiguration;
			buildSettings = {
				COMBINE_HIDPI_IMAGES = YES;
				GCC_GENERATE_DEBUGGING_SYMBOLS = YES;
				GCC_INLINES_ARE_PRIVATE_EXTERN = NO;
				GCC_OPTIMIZATION_LEVEL = 0;
				GCC_PREPROCESSOR_DEFINITIONS = ("'CMAKE_INTDIR=\"$(CONFIGURATION)$(EFFECTIVE_PLATFORM_NAME)\"'");
				GCC_SYMBOLS_PRIVATE_EXTERN = NO;
				HEADER_SEARCH_PATHS = ("/Users/aroberd/Documents/Neon-Engine/Dependencies/glm","/Users/aroberd/Documents/Neon-Engine/Dependencies/stb_image","/Users/aroberd/Documents/Neon-Engine/Dependencies/tinyobjloader-1.0.6","/Users/aroberd/Documents/Neon-Engine/Dependencies/assimp-4.1.0/include");
				INSTALL_PATH = "";
				OTHER_LDFLAGS = " ";
				OTHER_REZFLAGS = "";
				PRODUCT_NAME = ZERO_CHECK;
				SECTORDER_FLAGS = "";
				SYMROOT = "/Users/aroberd/Documents/Neon-Engine/Dependencies/glfw";
				USE_HEADERMAP = NO;
				WARNING_CFLAGS = ("-Wmost","-Wno-four-char-constants","-Wno-unknown-pragmas","$(inherited)");
			};
			name = MinSizeRel;
		};
		ED77C8B8CD544D3D81F49300 /* MinSizeRel */ = {
			isa = XCBuildConfiguration;
			buildSettings = {
				COMBINE_HIDPI_IMAGES = YES;
				GCC_GENERATE_DEBUGGING_SYMBOLS = YES;
				GCC_INLINES_ARE_PRIVATE_EXTERN = NO;
				GCC_OPTIMIZATION_LEVEL = 0;
				GCC_PREPROCESSOR_DEFINITIONS = ("'CMAKE_INTDIR=\"$(CONFIGURATION)$(EFFECTIVE_PLATFORM_NAME)\"'");
				GCC_SYMBOLS_PRIVATE_EXTERN = NO;
				HEADER_SEARCH_PATHS = ("/Users/aroberd/Documents/Neon-Engine/Dependencies/glm","/Users/aroberd/Documents/Neon-Engine/Dependencies/stb_image","/Users/aroberd/Documents/Neon-Engine/Dependencies/tinyobjloader-1.0.6","/Users/aroberd/Documents/Neon-Engine/Dependencies/assimp-4.1.0/include");
				INSTALL_PATH = "";
				OTHER_LDFLAGS = " ";
				OTHER_REZFLAGS = "";
				PRODUCT_NAME = install;
				SECTORDER_FLAGS = "";
				SYMROOT = "/Users/aroberd/Documents/Neon-Engine/Dependencies/glfw";
				USE_HEADERMAP = NO;
				WARNING_CFLAGS = ("-Wmost","-Wno-four-char-constants","-Wno-unknown-pragmas","$(inherited)");
			};
			name = MinSizeRel;
		};
/* End XCBuildConfiguration section */

/* Begin XCConfigurationList section */
		81A3DDEC05284DF287BF0797 /* Build configuration list for PBXAggregateTarget "ALL_BUILD" */ = {
			isa = XCConfigurationList;
			buildConfigurations = (
				AF5010A908C34967945329B2 /* Debug */,
				8A1B211000DF491A8FD203E6 /* Release */,
				8C6850D804AE47059B5FDA7D /* MinSizeRel */,
				BF0FFD376B914EC199184517 /* RelWithDebInfo */,
			);
			defaultConfigurationIsVisible = 0;
			defaultConfigurationName = Debug;
		};
		8621F06B01C44C2EBA1B020E /* Build configuration list for PBXAggregateTarget "ZERO_CHECK" */ = {
			isa = XCConfigurationList;
			buildConfigurations = (
				3663AE9F5E724BE1A2D395B3 /* Debug */,
				4A03E50482EC4EC0AC5AD056 /* Release */,
				ED635BA5DFD74FBF91669AB2 /* MinSizeRel */,
				CBF8C0A44C13437EA481DAED /* RelWithDebInfo */,
			);
			defaultConfigurationIsVisible = 0;
			defaultConfigurationName = Debug;
		};
		8F5931FC5E7B4DAAAFE4BBDA /* Build configuration list for PBXNativeTarget "glfw" */ = {
			isa = XCConfigurationList;
			buildConfigurations = (
				6CEC87C63F5B49248530A024 /* Debug */,
				CD76605F2FF1435DB02A5381 /* Release */,
				00B1E55462E84765AAF1AA1A /* MinSizeRel */,
				5695A61A1CDC426CA6B07157 /* RelWithDebInfo */,
			);
			defaultConfigurationIsVisible = 0;
			defaultConfigurationName = Debug;
		};
		DF184FFAD44C4B569C25BE37 /* Build configuration list for PBXAggregateTarget "install" */ = {
			isa = XCConfigurationList;
			buildConfigurations = (
				99720577DDCE42589CF86082 /* Debug */,
				1105A80E821A4B9FBCD1E8F7 /* Release */,
				ED77C8B8CD544D3D81F49300 /* MinSizeRel */,
				653FEB4481B84349A8EB0D01 /* RelWithDebInfo */,
			);
			defaultConfigurationIsVisible = 0;
			defaultConfigurationName = Debug;
		};
		F0C660481C2C492ABFF1E753 /* Build configuration list for PBXProject "GLFW" */ = {
			isa = XCConfigurationList;
			buildConfigurations = (
				0B4907552F08461D8AA9CAF6 /* Debug */,
				40F1DDD4F688440B9F9FEBBD /* Release */,
				1BBE4AB515A34253867C487C /* MinSizeRel */,
				10E20A396B9041FDAEE48784 /* RelWithDebInfo */,
			);
			defaultConfigurationIsVisible = 0;
			defaultConfigurationName = Debug;
		};
/* End XCConfigurationList section */
	};
	rootObject = 51F1A4877326485C94CB0BB8 /* Project object */;
}
